{
  "requires": true,
  "lockfileVersion": 1,
  "dependencies": {
    "easyqrcodejs": {
      "version": "3.5.0",
      "resolved": "https://registry.npmjs.org/easyqrcodejs/-/easyqrcodejs-3.5.0.tgz",
      "integrity": "sha512-msD5QOfRIuJjyziJ5Wp5ecZpeFaK2EKvGk8gj1bx8s7YIzI8BhovPYHustXe+KwOwgudn5zozritGLej9AknPQ=="
    }
  }
}
